
Microsoft Visual Studio Solution File, Format Version 12.00
# Visual Studio Version 17
VisualStudioVersion = 17.5.33502.453
MinimumVisualStudioVersion = 10.0.40219.1
Project("{FAE04EC0-301F-11D3-BF4B-00C04F79EFBC}") = "Модуль3", "Модуль3\Модуль3.csproj", "{2122D237-43E8-425D-826C-7A61C9213686}"
EndProject
Global
	GlobalSection(SolutionConfigurationPlatforms) = preSolution
		Debug|Any CPU = Debug|Any CPU
		Release|Any CPU = Release|Any CPU
	EndGlobalSection
	GlobalSection(ProjectConfigurationPlatforms) = postSolution
		{2122D237-43E8-425D-826C-7A61C9213686}.Debug|Any CPU.ActiveCfg = Debug|Any CPU
		{2122D237-43E8-425D-826C-7A61C9213686}.Debug|Any CPU.Build.0 = Debug|Any CPU
		{2122D237-43E8-425D-826C-7A61C9213686}.Release|Any CPU.ActiveCfg = Release|Any CPU
		{2122D237-43E8-425D-826C-7A61C9213686}.Release|Any CPU.Build.0 = Release|Any CPU
	EndGlobalSection
	GlobalSection(SolutionProperties) = preSolution
		HideSolutionNode = FALSE
	EndGlobalSection
	GlobalSection(ExtensibilityGlobals) = postSolution
		SolutionGuid = {4B8291FE-A6AD-4ED6-B6A5-81859F4978C6}
	EndGlobalSection
EndGlobal
